{
  "version": 4,
  "terraform_version": "1.9.4",
  "serial": 44,
  "lineage": "8c5c95f6-9708-78c2-b904-7c7bc27c6d36",
  "outputs": {
    "locationname": {
      "value": "australiaeast",
      "type": "string"
    },
    "nicid": {
      "value": "/subscriptions/cdb42f01-0945-478e-a7af-1f853b8cf5a8/resourceGroups/rg-lab-default-IT-Australiaeast/providers/Microsoft.Network/networkInterfaces/nic1",
      "type": "string"
    },
    "pip": {
      "value": "4.147.178.60",
      "type": "string"
    },
    "pipid": {
      "value": "/subscriptions/cdb42f01-0945-478e-a7af-1f853b8cf5a8/resourceGroups/rg-lab-default-IT-Australiaeast/providers/Microsoft.Network/publicIPAddresses/pip1",
      "type": "string"
    },
    "rg": {
      "value": "rg-lab-default-IT-Australiaeast",
      "type": "string"
    },
    "snetid": {
      "value": "/subscriptions/cdb42f01-0945-478e-a7af-1f853b8cf5a8/resourceGroups/rg-lab-default-IT-Australiaeast/providers/Microsoft.Network/virtualNetworks/vnet-lab-IT-Australiaeast/subnets/snet-vnet-lab-IT-Australiaeast",
      "type": "string"
    },
    "vnetid": {
      "value": "/subscriptions/cdb42f01-0945-478e-a7af-1f853b8cf5a8/resourceGroups/rg-lab-default-IT-Australiaeast/providers/Microsoft.Network/virtualNetworks/vnet-lab-IT-Australiaeast",
      "type": "string"
    }
  },
  "resources": [
    {
      "mode": "data",
      "type": "azurerm_subscription",
      "name": "current",
      "provider": "provider[\"registry.terraform.io/hashicorp/azurerm\"]",
      "instances": [
        {
          "schema_version": 0,
          "attributes": {
            "display_name": "Azure subscription 1",
            "id": "/subscriptions/cdb42f01-0945-478e-a7af-1f853b8cf5a8",
            "location_placement_id": "Public_2014-09-01",
            "quota_id": "PayAsYouGo_2014-09-01",
            "spending_limit": "Off",
            "state": "Enabled",
            "subscription_id": "cdb42f01-0945-478e-a7af-1f853b8cf5a8",
            "tags": {},
            "tenant_id": "c88f46c6-cc81-43fb-80bc-9ddd71a6f362",
            "timeouts": null
          },
          "sensitive_attributes": []
        }
      ]
    },
    {
      "mode": "managed",
      "type": "azurerm_linux_virtual_machine",
      "name": "linuxvm",
      "provider": "provider[\"registry.terraform.io/hashicorp/azurerm\"]",
      "instances": [
        {
          "schema_version": 0,
          "attributes": {
            "additional_capabilities": [],
            "admin_password": null,
            "admin_ssh_key": [
              {
                "public_key": "ssh-rsa AAAAB3NzaC1yc2EAAAADAQABAAABgQDkVUNRV23C5ZnrYT8Gc0qZHTO1KJviqr+gqeTfNhD3FFTwut529uO0ScUbS+tdsntVHQ9YDowN2JhcJlY1/UwzKCiB9F0YiddlnTvm+0iYyuGleLq95SwADVcCzHtg8fm/SNJQXwOMY6/hMVQZ/kUDoTLRDekokfH3CKLegA4w+6/9bpPizzPwQj/xzQWokBcKvgfMEMqUfvXC+ximgyAdv8GFccYGUqnrpgbsbo7gDOiTSBISD6HtRKEKNJPrvCdu3OwP+usFZfSKxHGygp4JJe088b/cMDEIbAxwLbLwZ6AlQV6p2uf0C2+CbzSFnDUaAiF575tNNgYfL0SC7hvJQjbvRXN0g9dDWphhL0nxkwslmtl7AFc4IeXnOSj5oFXwp5ztV3eGQpEC5J+Li4BazDJXlzx8a6B9L0xVME0Dfx8O7oefpU/g1aRei2zBYTbtaKhsyeQrhG7LycDGDZLtoggz5O/2G6Iqb89WD895JKys0NcIbFAcLmv+cOCi7ZM= rahul@PF4ZNCW7\n",
                "username": "adminuser"
              }
            ],
            "admin_username": "adminuser",
            "allow_extension_operations": true,
            "availability_set_id": "",
            "boot_diagnostics": [],
            "bypass_platform_safety_checks_on_user_schedule_enabled": false,
            "capacity_reservation_group_id": "",
            "computer_name": "vmvmlabITAustraliaeast",
            "custom_data": null,
            "dedicated_host_group_id": "",
            "dedicated_host_id": "",
            "disable_password_authentication": true,
            "disk_controller_type": "",
            "edge_zone": "",
            "encryption_at_host_enabled": false,
            "eviction_policy": "",
            "extensions_time_budget": "PT1H30M",
            "gallery_application": [],
            "id": "/subscriptions/cdb42f01-0945-478e-a7af-1f853b8cf5a8/resourceGroups/rg-lab-default-IT-Australiaeast/providers/Microsoft.Compute/virtualMachines/vmvmlabITAustraliaeast",
            "identity": [],
            "license_type": "",
            "location": "australiaeast",
            "max_bid_price": -1,
            "name": "vmvmlabITAustraliaeast",
            "network_interface_ids": [
              "/subscriptions/cdb42f01-0945-478e-a7af-1f853b8cf5a8/resourceGroups/rg-lab-default-IT-Australiaeast/providers/Microsoft.Network/networkInterfaces/nic1"
            ],
            "os_disk": [
              {
                "caching": "ReadWrite",
                "diff_disk_settings": [],
                "disk_encryption_set_id": "",
                "disk_size_gb": 30,
                "name": "osdisk",
                "secure_vm_disk_encryption_set_id": "",
                "security_encryption_type": "",
                "storage_account_type": "Standard_LRS",
                "write_accelerator_enabled": false
              }
            ],
            "os_image_notification": [],
            "patch_assessment_mode": "ImageDefault",
            "patch_mode": "ImageDefault",
            "plan": [],
            "platform_fault_domain": -1,
            "priority": "Regular",
            "private_ip_address": "10.0.2.4",
            "private_ip_addresses": [
              "10.0.2.4"
            ],
            "provision_vm_agent": true,
            "proximity_placement_group_id": "",
            "public_ip_address": "4.147.178.60",
            "public_ip_addresses": [
              "4.147.178.60"
            ],
            "reboot_setting": "",
            "resource_group_name": "rg-lab-default-IT-Australiaeast",
            "secret": [],
            "secure_boot_enabled": false,
            "size": "Standard_F2",
            "source_image_id": "",
            "source_image_reference": [
              {
                "offer": "UbuntuServer",
                "publisher": "Canonical",
                "sku": "16.04-LTS",
                "version": "latest"
              }
            ],
            "tags": null,
            "termination_notification": null,
            "timeouts": null,
            "user_data": "",
            "virtual_machine_id": "26d472cc-bcd7-4a22-a319-6bbd6f0aa40c",
            "virtual_machine_scale_set_id": "",
            "vm_agent_platform_updates_enabled": false,
            "vtpm_enabled": false,
            "zone": ""
          },
          "sensitive_attributes": [
            [
              {
                "type": "get_attr",
                "value": "admin_password"
              }
            ],
            [
              {
                "type": "get_attr",
                "value": "custom_data"
              }
            ]
          ],
          "private": "eyJlMmJmYjczMC1lY2FhLTExZTYtOGY4OC0zNDM2M2JjN2M0YzAiOnsiY3JlYXRlIjoyNzAwMDAwMDAwMDAwLCJkZWxldGUiOjI3MDAwMDAwMDAwMDAsInJlYWQiOjMwMDAwMDAwMDAwMCwidXBkYXRlIjoyNzAwMDAwMDAwMDAwfX0=",
          "dependencies": [
            "azurerm_network_interface.nic",
            "azurerm_public_ip.pip",
            "azurerm_resource_group.rg",
            "azurerm_subnet.subnet",
            "azurerm_virtual_network.vnet"
          ]
        }
      ]
    },
    {
      "mode": "managed",
      "type": "azurerm_network_interface",
      "name": "nic",
      "provider": "provider[\"registry.terraform.io/hashicorp/azurerm\"]",
      "instances": [
        {
          "schema_version": 0,
          "attributes": {
            "accelerated_networking_enabled": false,
            "applied_dns_servers": [],
            "auxiliary_mode": "",
            "auxiliary_sku": "",
            "dns_servers": null,
            "edge_zone": "",
            "id": "/subscriptions/cdb42f01-0945-478e-a7af-1f853b8cf5a8/resourceGroups/rg-lab-default-IT-Australiaeast/providers/Microsoft.Network/networkInterfaces/nic1",
            "internal_dns_name_label": "",
            "internal_domain_name_suffix": "a43yts0xvjkuna2j5mmnuxxpbd.px.internal.cloudapp.net",
            "ip_configuration": [
              {
                "gateway_load_balancer_frontend_ip_configuration_id": "",
                "name": "PrimaryIP",
                "primary": true,
                "private_ip_address": "10.0.2.4",
                "private_ip_address_allocation": "Dynamic",
                "private_ip_address_version": "IPv4",
                "public_ip_address_id": "/subscriptions/cdb42f01-0945-478e-a7af-1f853b8cf5a8/resourceGroups/rg-lab-default-IT-Australiaeast/providers/Microsoft.Network/publicIPAddresses/pip1",
                "subnet_id": "/subscriptions/cdb42f01-0945-478e-a7af-1f853b8cf5a8/resourceGroups/rg-lab-default-IT-Australiaeast/providers/Microsoft.Network/virtualNetworks/vnet-lab-IT-Australiaeast/subnets/snet-vnet-lab-IT-Australiaeast"
              }
            ],
            "ip_forwarding_enabled": false,
            "location": "australiaeast",
            "mac_address": "",
            "name": "nic1",
            "private_ip_address": "10.0.2.4",
            "private_ip_addresses": [
              "10.0.2.4"
            ],
            "resource_group_name": "rg-lab-default-IT-Australiaeast",
            "tags": null,
            "timeouts": null,
            "virtual_machine_id": ""
          },
          "sensitive_attributes": [],
          "private": "eyJlMmJmYjczMC1lY2FhLTExZTYtOGY4OC0zNDM2M2JjN2M0YzAiOnsiY3JlYXRlIjoxODAwMDAwMDAwMDAwLCJkZWxldGUiOjE4MDAwMDAwMDAwMDAsInJlYWQiOjMwMDAwMDAwMDAwMCwidXBkYXRlIjoxODAwMDAwMDAwMDAwfX0=",
          "dependencies": [
            "azurerm_public_ip.pip",
            "azurerm_resource_group.rg",
            "azurerm_subnet.subnet",
            "azurerm_virtual_network.vnet"
          ]
        }
      ]
    },
    {
      "mode": "managed",
      "type": "azurerm_network_security_group",
      "name": "nsg",
      "provider": "provider[\"registry.terraform.io/hashicorp/azurerm\"]",
      "instances": [
        {
          "schema_version": 0,
          "attributes": {
            "id": "/subscriptions/cdb42f01-0945-478e-a7af-1f853b8cf5a8/resourceGroups/rg-lab-default-IT-Australiaeast/providers/Microsoft.Network/networkSecurityGroups/nsg1",
            "location": "australiaeast",
            "name": "nsg1",
            "resource_group_name": "rg-lab-default-IT-Australiaeast",
            "security_rule": [
              {
                "access": "Allow",
                "description": "",
                "destination_address_prefix": "*",
                "destination_address_prefixes": [],
                "destination_application_security_group_ids": [],
                "destination_port_range": "22",
                "destination_port_ranges": [],
                "direction": "Inbound",
                "name": "allow-22",
                "priority": 100,
                "protocol": "Tcp",
                "source_address_prefix": "*",
                "source_address_prefixes": [],
                "source_application_security_group_ids": [],
                "source_port_range": "22",
                "source_port_ranges": []
              },
              {
                "access": "Allow",
                "description": "",
                "destination_address_prefix": "*",
                "destination_address_prefixes": [],
                "destination_application_security_group_ids": [],
                "destination_port_range": "22",
                "destination_port_ranges": [],
                "direction": "Inbound",
                "name": "allow-3389",
                "priority": 101,
                "protocol": "Tcp",
                "source_address_prefix": "*",
                "source_address_prefixes": [],
                "source_application_security_group_ids": [],
                "source_port_range": "3389",
                "source_port_ranges": []
              },
              {
                "access": "Allow",
                "description": "",
                "destination_address_prefix": "*",
                "destination_address_prefixes": [],
                "destination_application_security_group_ids": [],
                "destination_port_range": "22",
                "destination_port_ranges": [],
                "direction": "Inbound",
                "name": "allow-443",
                "priority": 103,
                "protocol": "Tcp",
                "source_address_prefix": "*",
                "source_address_prefixes": [],
                "source_application_security_group_ids": [],
                "source_port_range": "443",
                "source_port_ranges": []
              },
              {
                "access": "Allow",
                "description": "",
                "destination_address_prefix": "*",
                "destination_address_prefixes": [],
                "destination_application_security_group_ids": [],
                "destination_port_range": "22",
                "destination_port_ranges": [],
                "direction": "Inbound",
                "name": "allow-80",
                "priority": 102,
                "protocol": "Tcp",
                "source_address_prefix": "*",
                "source_address_prefixes": [],
                "source_application_security_group_ids": [],
                "source_port_range": "80",
                "source_port_ranges": []
              }
            ],
            "tags": null,
            "timeouts": null
          },
          "sensitive_attributes": [],
          "private": "eyJlMmJmYjczMC1lY2FhLTExZTYtOGY4OC0zNDM2M2JjN2M0YzAiOnsiY3JlYXRlIjoxODAwMDAwMDAwMDAwLCJkZWxldGUiOjE4MDAwMDAwMDAwMDAsInJlYWQiOjMwMDAwMDAwMDAwMCwidXBkYXRlIjoxODAwMDAwMDAwMDAwfX0=",
          "dependencies": [
            "azurerm_resource_group.rg"
          ]
        }
      ]
    },
    {
      "mode": "managed",
      "type": "azurerm_public_ip",
      "name": "pip",
      "provider": "provider[\"registry.terraform.io/hashicorp/azurerm\"]",
      "instances": [
        {
          "schema_version": 0,
          "attributes": {
            "allocation_method": "Static",
            "ddos_protection_mode": "VirtualNetworkInherited",
            "ddos_protection_plan_id": null,
            "domain_name_label": null,
            "domain_name_label_scope": null,
            "edge_zone": "",
            "fqdn": null,
            "id": "/subscriptions/cdb42f01-0945-478e-a7af-1f853b8cf5a8/resourceGroups/rg-lab-default-IT-Australiaeast/providers/Microsoft.Network/publicIPAddresses/pip1",
            "idle_timeout_in_minutes": 4,
            "ip_address": "4.147.178.60",
            "ip_tags": null,
            "ip_version": "IPv4",
            "location": "australiaeast",
            "name": "pip1",
            "public_ip_prefix_id": null,
            "resource_group_name": "rg-lab-default-IT-Australiaeast",
            "reverse_fqdn": null,
            "sku": "Standard",
            "sku_tier": "Regional",
            "tags": null,
            "timeouts": null,
            "zones": null
          },
          "sensitive_attributes": [],
          "private": "eyJlMmJmYjczMC1lY2FhLTExZTYtOGY4OC0zNDM2M2JjN2M0YzAiOnsiY3JlYXRlIjoxODAwMDAwMDAwMDAwLCJkZWxldGUiOjE4MDAwMDAwMDAwMDAsInJlYWQiOjMwMDAwMDAwMDAwMCwidXBkYXRlIjoxODAwMDAwMDAwMDAwfX0=",
          "dependencies": [
            "azurerm_resource_group.rg"
          ]
        }
      ]
    },
    {
      "mode": "managed",
      "type": "azurerm_resource_group",
      "name": "rg",
      "provider": "provider[\"registry.terraform.io/hashicorp/azurerm\"]",
      "instances": [
        {
          "schema_version": 0,
          "attributes": {
            "id": "/subscriptions/cdb42f01-0945-478e-a7af-1f853b8cf5a8/resourceGroups/rg-lab-default-IT-Australiaeast",
            "location": "australiaeast",
            "managed_by": "",
            "name": "rg-lab-default-IT-Australiaeast",
            "tags": {
              "business_unit": "IT",
              "cost_centre": "IT",
              "env": "Dev",
              "location": "Australiaeast",
              "services": "lab"
            },
            "timeouts": null
          },
          "sensitive_attributes": [],
          "private": "eyJlMmJmYjczMC1lY2FhLTExZTYtOGY4OC0zNDM2M2JjN2M0YzAiOnsiY3JlYXRlIjo1NDAwMDAwMDAwMDAwLCJkZWxldGUiOjU0MDAwMDAwMDAwMDAsInJlYWQiOjMwMDAwMDAwMDAwMCwidXBkYXRlIjo1NDAwMDAwMDAwMDAwfX0="
        }
      ]
    },
    {
      "mode": "managed",
      "type": "azurerm_subnet",
      "name": "subnet",
      "provider": "provider[\"registry.terraform.io/hashicorp/azurerm\"]",
      "instances": [
        {
          "schema_version": 0,
          "attributes": {
            "address_prefixes": [
              "10.0.2.0/24"
            ],
            "default_outbound_access_enabled": true,
            "delegation": [],
            "id": "/subscriptions/cdb42f01-0945-478e-a7af-1f853b8cf5a8/resourceGroups/rg-lab-default-IT-Australiaeast/providers/Microsoft.Network/virtualNetworks/vnet-lab-IT-Australiaeast/subnets/snet-vnet-lab-IT-Australiaeast",
            "name": "snet-vnet-lab-IT-Australiaeast",
            "private_endpoint_network_policies": "Disabled",
            "private_link_service_network_policies_enabled": true,
            "resource_group_name": "rg-lab-default-IT-Australiaeast",
            "service_endpoint_policy_ids": null,
            "service_endpoints": null,
            "timeouts": null,
            "virtual_network_name": "vnet-lab-IT-Australiaeast"
          },
          "sensitive_attributes": [],
          "private": "eyJlMmJmYjczMC1lY2FhLTExZTYtOGY4OC0zNDM2M2JjN2M0YzAiOnsiY3JlYXRlIjoxODAwMDAwMDAwMDAwLCJkZWxldGUiOjE4MDAwMDAwMDAwMDAsInJlYWQiOjMwMDAwMDAwMDAwMCwidXBkYXRlIjoxODAwMDAwMDAwMDAwfX0=",
          "dependencies": [
            "azurerm_resource_group.rg",
            "azurerm_virtual_network.vnet"
          ]
        }
      ]
    },
    {
      "mode": "managed",
      "type": "azurerm_subnet_network_security_group_association",
      "name": "networksgassociation",
      "provider": "provider[\"registry.terraform.io/hashicorp/azurerm\"]",
      "instances": [
        {
          "schema_version": 0,
          "attributes": {
            "id": "/subscriptions/cdb42f01-0945-478e-a7af-1f853b8cf5a8/resourceGroups/rg-lab-default-IT-Australiaeast/providers/Microsoft.Network/virtualNetworks/vnet-lab-IT-Australiaeast/subnets/snet-vnet-lab-IT-Australiaeast",
            "network_security_group_id": "/subscriptions/cdb42f01-0945-478e-a7af-1f853b8cf5a8/resourceGroups/rg-lab-default-IT-Australiaeast/providers/Microsoft.Network/networkSecurityGroups/nsg1",
            "subnet_id": "/subscriptions/cdb42f01-0945-478e-a7af-1f853b8cf5a8/resourceGroups/rg-lab-default-IT-Australiaeast/providers/Microsoft.Network/virtualNetworks/vnet-lab-IT-Australiaeast/subnets/snet-vnet-lab-IT-Australiaeast",
            "timeouts": null
          },
          "sensitive_attributes": [],
          "private": "eyJlMmJmYjczMC1lY2FhLTExZTYtOGY4OC0zNDM2M2JjN2M0YzAiOnsiY3JlYXRlIjoxODAwMDAwMDAwMDAwLCJkZWxldGUiOjE4MDAwMDAwMDAwMDAsInJlYWQiOjMwMDAwMDAwMDAwMH19",
          "dependencies": [
            "azurerm_network_security_group.nsg",
            "azurerm_resource_group.rg",
            "azurerm_subnet.subnet",
            "azurerm_virtual_network.vnet"
          ]
        }
      ]
    },
    {
      "mode": "managed",
      "type": "azurerm_virtual_network",
      "name": "vnet",
      "provider": "provider[\"registry.terraform.io/hashicorp/azurerm\"]",
      "instances": [
        {
          "schema_version": 0,
          "attributes": {
            "address_space": [
              "10.0.0.0/16"
            ],
            "bgp_community": "",
            "ddos_protection_plan": [],
            "dns_servers": [],
            "edge_zone": "",
            "encryption": [],
            "flow_timeout_in_minutes": 0,
            "guid": "cb89bb07-aa57-4655-8389-fb18da5eef0b",
            "id": "/subscriptions/cdb42f01-0945-478e-a7af-1f853b8cf5a8/resourceGroups/rg-lab-default-IT-Australiaeast/providers/Microsoft.Network/virtualNetworks/vnet-lab-IT-Australiaeast",
            "location": "australiaeast",
            "name": "vnet-lab-IT-Australiaeast",
            "resource_group_name": "rg-lab-default-IT-Australiaeast",
            "subnet": [],
            "tags": null,
            "timeouts": null
          },
          "sensitive_attributes": [],
          "private": "eyJlMmJmYjczMC1lY2FhLTExZTYtOGY4OC0zNDM2M2JjN2M0YzAiOnsiY3JlYXRlIjoxODAwMDAwMDAwMDAwLCJkZWxldGUiOjE4MDAwMDAwMDAwMDAsInJlYWQiOjMwMDAwMDAwMDAwMCwidXBkYXRlIjoxODAwMDAwMDAwMDAwfX0=",
          "dependencies": [
            "azurerm_resource_group.rg"
          ]
        }
      ]
    }
  ],
  "check_results": null
}
